
Microsoft Visual Studio Solution File, Format Version 12.00
# Visual Studio Version 16
VisualStudioVersion = 16.0.30320.27
MinimumVisualStudioVersion = 10.0.40219.1
Project("{FAE04EC0-301F-11D3-BF4B-00C04F79EFBC}") = "handin4", "handin4\handin4.csproj", "{9BD1FD40-89C4-4A0A-9B40-76F328AB0784}"
EndProject
Global
	GlobalSection(SolutionConfigurationPlatforms) = preSolution
		Debug|Any CPU = Debug|Any CPU
		Release|Any CPU = Release|Any CPU
	EndGlobalSection
	GlobalSection(ProjectConfigurationPlatforms) = postSolution
		{9BD1FD40-89C4-4A0A-9B40-76F328AB0784}.Debug|Any CPU.ActiveCfg = Debug|Any CPU
		{9BD1FD40-89C4-4A0A-9B40-76F328AB0784}.Debug|Any CPU.Build.0 = Debug|Any CPU
		{9BD1FD40-89C4-4A0A-9B40-76F328AB0784}.Release|Any CPU.ActiveCfg = Release|Any CPU
		{9BD1FD40-89C4-4A0A-9B40-76F328AB0784}.Release|Any CPU.Build.0 = Release|Any CPU
	EndGlobalSection
	GlobalSection(SolutionProperties) = preSolution
		HideSolutionNode = FALSE
	EndGlobalSection
	GlobalSection(ExtensibilityGlobals) = postSolution
		SolutionGuid = {608240B0-ABC3-4AB1-8FFD-65440861216E}
	EndGlobalSection
EndGlobal
